
Microsoft Visual Studio Solution File, Format Version 12.00
# Visual Studio 15
VisualStudioVersion = 15.0.28010.2041
MinimumVisualStudioVersion = 10.0.40219.1
Project("{FAE04EC0-301F-11D3-BF4B-00C04F79EFBC}") = "Conditionals", "Conditionals\Conditionals.csproj", "{FC401A47-1E7E-4BD5-98F1-4EDAD458C225}"
EndProject
Project("{FAE04EC0-301F-11D3-BF4B-00C04F79EFBC}") = "ConditionalsTests", "ConditionalsTests\ConditionalsTests.csproj", "{86100D96-E6C0-4323-8AC4-FE1426095771}"
EndProject
Global
	GlobalSection(SolutionConfigurationPlatforms) = preSolution
		Debug|Any CPU = Debug|Any CPU
		Release|Any CPU = Release|Any CPU
	EndGlobalSection
	GlobalSection(ProjectConfigurationPlatforms) = postSolution
		{FC401A47-1E7E-4BD5-98F1-4EDAD458C225}.Debug|Any CPU.ActiveCfg = Debug|Any CPU
		{FC401A47-1E7E-4BD5-98F1-4EDAD458C225}.Debug|Any CPU.Build.0 = Debug|Any CPU
		{FC401A47-1E7E-4BD5-98F1-4EDAD458C225}.Release|Any CPU.ActiveCfg = Release|Any CPU
		{FC401A47-1E7E-4BD5-98F1-4EDAD458C225}.Release|Any CPU.Build.0 = Release|Any CPU
		{86100D96-E6C0-4323-8AC4-FE1426095771}.Debug|Any CPU.ActiveCfg = Debug|Any CPU
		{86100D96-E6C0-4323-8AC4-FE1426095771}.Debug|Any CPU.Build.0 = Debug|Any CPU
		{86100D96-E6C0-4323-8AC4-FE1426095771}.Release|Any CPU.ActiveCfg = Release|Any CPU
		{86100D96-E6C0-4323-8AC4-FE1426095771}.Release|Any CPU.Build.0 = Release|Any CPU
	EndGlobalSection
	GlobalSection(SolutionProperties) = preSolution
		HideSolutionNode = FALSE
	EndGlobalSection
	GlobalSection(ExtensibilityGlobals) = postSolution
		SolutionGuid = {B84447B0-F1B9-4D27-BD6F-7ADA84B38BC8}
	EndGlobalSection
EndGlobal
